
Microsoft Visual Studio Solution File, Format Version 12.00
# Visual Studio Version 17
VisualStudioVersion = 17.6.33723.286
MinimumVisualStudioVersion = 10.0.40219.1
Project("{9A19103F-16F7-4668-BE54-9A1E7A4F7556}") = "BirdCageShopRazorPage", "BirdCageShopRazorPage\BirdCageShopRazorPage.csproj", "{5CC15020-C1C7-4843-B178-4BB1EBA0CA4D}"
EndProject
Project("{9A19103F-16F7-4668-BE54-9A1E7A4F7556}") = "BusinessObject", "BusinessObject\BusinessObject.csproj", "{453415C1-64B7-4E4E-8A52-9560A5388BD4}"
EndProject
Project("{9A19103F-16F7-4668-BE54-9A1E7A4F7556}") = "DataAccessObject", "DataAccessObject\DataAccessObject.csproj", "{BE925927-7A7C-466B-8C96-E47F7D1122E7}"
EndProject
Project("{9A19103F-16F7-4668-BE54-9A1E7A4F7556}") = "DataTransferObject", "DataTransferObject\DataTransferObject.csproj", "{E773D012-DB7E-4775-A994-338998F04673}"
EndProject
Project("{9A19103F-16F7-4668-BE54-9A1E7A4F7556}") = "Repository", "Repository\Repository.csproj", "{C1149BFC-A833-4045-8F2E-F77FAE15E4F6}"
EndProject
Global
	GlobalSection(SolutionConfigurationPlatforms) = preSolution
		Debug|Any CPU = Debug|Any CPU
		Release|Any CPU = Release|Any CPU
	EndGlobalSection
	GlobalSection(ProjectConfigurationPlatforms) = postSolution
		{5CC15020-C1C7-4843-B178-4BB1EBA0CA4D}.Debug|Any CPU.ActiveCfg = Debug|Any CPU
		{5CC15020-C1C7-4843-B178-4BB1EBA0CA4D}.Debug|Any CPU.Build.0 = Debug|Any CPU
		{5CC15020-C1C7-4843-B178-4BB1EBA0CA4D}.Release|Any CPU.ActiveCfg = Release|Any CPU
		{5CC15020-C1C7-4843-B178-4BB1EBA0CA4D}.Release|Any CPU.Build.0 = Release|Any CPU
		{453415C1-64B7-4E4E-8A52-9560A5388BD4}.Debug|Any CPU.ActiveCfg = Debug|Any CPU
		{453415C1-64B7-4E4E-8A52-9560A5388BD4}.Debug|Any CPU.Build.0 = Debug|Any CPU
		{453415C1-64B7-4E4E-8A52-9560A5388BD4}.Release|Any CPU.ActiveCfg = Release|Any CPU
		{453415C1-64B7-4E4E-8A52-9560A5388BD4}.Release|Any CPU.Build.0 = Release|Any CPU
		{BE925927-7A7C-466B-8C96-E47F7D1122E7}.Debug|Any CPU.ActiveCfg = Debug|Any CPU
		{BE925927-7A7C-466B-8C96-E47F7D1122E7}.Debug|Any CPU.Build.0 = Debug|Any CPU
		{BE925927-7A7C-466B-8C96-E47F7D1122E7}.Release|Any CPU.ActiveCfg = Release|Any CPU
		{BE925927-7A7C-466B-8C96-E47F7D1122E7}.Release|Any CPU.Build.0 = Release|Any CPU
		{E773D012-DB7E-4775-A994-338998F04673}.Debug|Any CPU.ActiveCfg = Debug|Any CPU
		{E773D012-DB7E-4775-A994-338998F04673}.Debug|Any CPU.Build.0 = Debug|Any CPU
		{E773D012-DB7E-4775-A994-338998F04673}.Release|Any CPU.ActiveCfg = Release|Any CPU
		{E773D012-DB7E-4775-A994-338998F04673}.Release|Any CPU.Build.0 = Release|Any CPU
		{C1149BFC-A833-4045-8F2E-F77FAE15E4F6}.Debug|Any CPU.ActiveCfg = Debug|Any CPU
		{C1149BFC-A833-4045-8F2E-F77FAE15E4F6}.Debug|Any CPU.Build.0 = Debug|Any CPU
		{C1149BFC-A833-4045-8F2E-F77FAE15E4F6}.Release|Any CPU.ActiveCfg = Release|Any CPU
		{C1149BFC-A833-4045-8F2E-F77FAE15E4F6}.Release|Any CPU.Build.0 = Release|Any CPU
	EndGlobalSection
	GlobalSection(SolutionProperties) = preSolution
		HideSolutionNode = FALSE
	EndGlobalSection
	GlobalSection(ExtensibilityGlobals) = postSolution
		SolutionGuid = {DC1961FC-8A71-48DA-8671-DAE01CEE0564}
	EndGlobalSection
EndGlobal
